
Microsoft Visual Studio Solution File, Format Version 12.00
# Visual Studio 15
VisualStudioVersion = 15.0.27130.2024
MinimumVisualStudioVersion = 10.0.40219.1
Project("{9A19103F-16F7-4668-BE54-9A1E7A4F7556}") = "NtFreX.HtmlToRtfConverter", "NtFreX.HtmlToRtfConverter\NtFreX.HtmlToRtfConverter.csproj", "{7D16A152-6186-4756-B644-A757FFEDA2B0}"
EndProject
Project("{9A19103F-16F7-4668-BE54-9A1E7A4F7556}") = "NtFreX.HtmlToRtfConverter.Demo", "NtFreX.HtmlToRtfConverter.Demo\NtFreX.HtmlToRtfConverter.Demo.csproj", "{B3BE3F54-C7CC-4AE4-8AD0-58ACC5570D76}"
EndProject
Project("{9A19103F-16F7-4668-BE54-9A1E7A4F7556}") = "NtFreX.HtmlToRtfConverter.Tests", "NtFreX.HtmlToRtfConverter.Tests\NtFreX.HtmlToRtfConverter.Tests.csproj", "{55D47122-3853-4250-8C34-0D9313B5D078}"
EndProject
Project("{2150E333-8FDC-42A3-9474-1A3956D46DE8}") = "Solution Items", "Solution Items", "{429591B3-D3CE-4245-9FF5-9485543F9DCC}"
	ProjectSection(SolutionItems) = preProject
		readme.txt = readme.txt
	EndProjectSection
EndProject
Global
	GlobalSection(SolutionConfigurationPlatforms) = preSolution
		Debug|Any CPU = Debug|Any CPU
		Release|Any CPU = Release|Any CPU
	EndGlobalSection
	GlobalSection(ProjectConfigurationPlatforms) = postSolution
		{7D16A152-6186-4756-B644-A757FFEDA2B0}.Debug|Any CPU.ActiveCfg = Debug|Any CPU
		{7D16A152-6186-4756-B644-A757FFEDA2B0}.Debug|Any CPU.Build.0 = Debug|Any CPU
		{7D16A152-6186-4756-B644-A757FFEDA2B0}.Release|Any CPU.ActiveCfg = Release|Any CPU
		{7D16A152-6186-4756-B644-A757FFEDA2B0}.Release|Any CPU.Build.0 = Release|Any CPU
		{B3BE3F54-C7CC-4AE4-8AD0-58ACC5570D76}.Debug|Any CPU.ActiveCfg = Debug|Any CPU
		{B3BE3F54-C7CC-4AE4-8AD0-58ACC5570D76}.Debug|Any CPU.Build.0 = Debug|Any CPU
		{B3BE3F54-C7CC-4AE4-8AD0-58ACC5570D76}.Release|Any CPU.ActiveCfg = Release|Any CPU
		{B3BE3F54-C7CC-4AE4-8AD0-58ACC5570D76}.Release|Any CPU.Build.0 = Release|Any CPU
		{55D47122-3853-4250-8C34-0D9313B5D078}.Debug|Any CPU.ActiveCfg = Debug|Any CPU
		{55D47122-3853-4250-8C34-0D9313B5D078}.Debug|Any CPU.Build.0 = Debug|Any CPU
		{55D47122-3853-4250-8C34-0D9313B5D078}.Release|Any CPU.ActiveCfg = Release|Any CPU
		{55D47122-3853-4250-8C34-0D9313B5D078}.Release|Any CPU.Build.0 = Release|Any CPU
	EndGlobalSection
	GlobalSection(SolutionProperties) = preSolution
		HideSolutionNode = FALSE
	EndGlobalSection
	GlobalSection(ExtensibilityGlobals) = postSolution
		SolutionGuid = {45AD3086-23F5-40A1-9396-BB6E4D23B52B}
	EndGlobalSection
EndGlobal
